
Microsoft Visual Studio Solution File, Format Version 12.00
# Visual Studio Version 17
VisualStudioVersion = 17.13.35931.197 d17.13
MinimumVisualStudioVersion = 10.0.40219.1
Project("{FAE04EC0-301F-11D3-BF4B-00C04F79EFBC}") = "UusProjekt", "UusProjekt.csproj", "{E7DFA091-CD29-44C8-B24A-C5A3FEAEF51E}"
EndProject
Global
	GlobalSection(SolutionConfigurationPlatforms) = preSolution
		Debug|Any CPU = Debug|Any CPU
		Release|Any CPU = Release|Any CPU
	EndGlobalSection
	GlobalSection(ProjectConfigurationPlatforms) = postSolution
		{E7DFA091-CD29-44C8-B24A-C5A3FEAEF51E}.Debug|Any CPU.ActiveCfg = Debug|Any CPU
		{E7DFA091-CD29-44C8-B24A-C5A3FEAEF51E}.Debug|Any CPU.Build.0 = Debug|Any CPU
		{E7DFA091-CD29-44C8-B24A-C5A3FEAEF51E}.Release|Any CPU.ActiveCfg = Release|Any CPU
		{E7DFA091-CD29-44C8-B24A-C5A3FEAEF51E}.Release|Any CPU.Build.0 = Release|Any CPU
	EndGlobalSection
	GlobalSection(SolutionProperties) = preSolution
		HideSolutionNode = FALSE
	EndGlobalSection
	GlobalSection(ExtensibilityGlobals) = postSolution
		SolutionGuid = {152B5613-CE1A-405E-BA80-30E482B57CD1}
	EndGlobalSection
EndGlobal
